
Microsoft Visual Studio Solution File, Format Version 12.00
# Visual Studio Version 17
VisualStudioVersion = 17.10.35013.160
MinimumVisualStudioVersion = 10.0.40219.1
Project("{2150E333-8FDC-42A3-9474-1A3956D46DE8}") = "Products", "Products", "{EC54A4B9-E8A4-4F44-BEA4-7E0223C7754E}"
EndProject
Project("{9A19103F-16F7-4668-BE54-9A1E7A4F7556}") = "Modular.BlazorApp", "Modular.BlazorApp\Modular.BlazorApp\Modular.BlazorApp.csproj", "{C23D5188-8913-4BAA-A03B-48EC7CF7C49C}"
EndProject
Project("{9A19103F-16F7-4668-BE54-9A1E7A4F7556}") = "Modular.Api.Host", "Modular.Api.Host\Modular.Api.Host.csproj", "{0F2263D7-CBDD-4EC0-A929-2313F98A757E}"
EndProject
Project("{9A19103F-16F7-4668-BE54-9A1E7A4F7556}") = "Modular.Api.Product", "Modular.Api.Product\Modular.Api.Product.csproj", "{2D6A69F9-A2E2-4FC4-A886-3AD0F8ACD097}"
EndProject
Global
	GlobalSection(SolutionConfigurationPlatforms) = preSolution
		Debug|Any CPU = Debug|Any CPU
		Release|Any CPU = Release|Any CPU
	EndGlobalSection
	GlobalSection(ProjectConfigurationPlatforms) = postSolution
		{C23D5188-8913-4BAA-A03B-48EC7CF7C49C}.Debug|Any CPU.ActiveCfg = Debug|Any CPU
		{C23D5188-8913-4BAA-A03B-48EC7CF7C49C}.Debug|Any CPU.Build.0 = Debug|Any CPU
		{C23D5188-8913-4BAA-A03B-48EC7CF7C49C}.Release|Any CPU.ActiveCfg = Release|Any CPU
		{C23D5188-8913-4BAA-A03B-48EC7CF7C49C}.Release|Any CPU.Build.0 = Release|Any CPU
		{0F2263D7-CBDD-4EC0-A929-2313F98A757E}.Debug|Any CPU.ActiveCfg = Debug|Any CPU
		{0F2263D7-CBDD-4EC0-A929-2313F98A757E}.Debug|Any CPU.Build.0 = Debug|Any CPU
		{0F2263D7-CBDD-4EC0-A929-2313F98A757E}.Release|Any CPU.ActiveCfg = Release|Any CPU
		{0F2263D7-CBDD-4EC0-A929-2313F98A757E}.Release|Any CPU.Build.0 = Release|Any CPU
		{2D6A69F9-A2E2-4FC4-A886-3AD0F8ACD097}.Debug|Any CPU.ActiveCfg = Debug|Any CPU
		{2D6A69F9-A2E2-4FC4-A886-3AD0F8ACD097}.Debug|Any CPU.Build.0 = Debug|Any CPU
		{2D6A69F9-A2E2-4FC4-A886-3AD0F8ACD097}.Release|Any CPU.ActiveCfg = Release|Any CPU
		{2D6A69F9-A2E2-4FC4-A886-3AD0F8ACD097}.Release|Any CPU.Build.0 = Release|Any CPU
	EndGlobalSection
	GlobalSection(SolutionProperties) = preSolution
		HideSolutionNode = FALSE
	EndGlobalSection
	GlobalSection(NestedProjects) = preSolution
		{2D6A69F9-A2E2-4FC4-A886-3AD0F8ACD097} = {EC54A4B9-E8A4-4F44-BEA4-7E0223C7754E}
	EndGlobalSection
	GlobalSection(ExtensibilityGlobals) = postSolution
		SolutionGuid = {6A174495-5713-4CCA-BCA6-57204324FF80}
	EndGlobalSection
EndGlobal
